// !$*UTF8*$!
{
	archiveVersion = 1;
	classes = {
	};
	objectVersion = 52;
	objects = {

/* Begin PBXBuildFile section */
		32861394197FED310010BB98 /* Foundation.framework in Frameworks */ = {isa = PBXBuildFile; fileRef = 32861393197FED310010BB98 /* Foundation.framework */; };
		328613A2197FEE7A0010BB98 /* SystemConfiguration.framework in Frameworks */ = {isa = PBXBuildFile; fileRef = 328613A1197FEE7A0010BB98 /* SystemConfiguration.framework */; };
		9D3D847E1982AE1B005BD5F3 /* Security.framework in Frameworks */ = {isa = PBXBuildFile; fileRef = 9D3D847D1982AE1B005BD5F3 /* Security.framework */; };
		9D61984D1981129900FC01E8 /* main.swift in Sources */ = {isa = PBXBuildFile; fileRef = 9D5CE1C419803F2B005B5E3E /* main.swift */; };
		C20E6A68236DC8DB00671953 /* Moderator in Frameworks */ = {isa = PBXBuildFile; productRef = C20E6A67236DC8DB00671953 /* Moderator */; };
		C20E6A69236DC99900671953 /* ServiceConfig.swift in Sources */ = {isa = PBXBuildFile; fileRef = C24BE70A236A2C7700FFC671 /* ServiceConfig.swift */; };
		C20E6A6B236DCED200671953 /* Options.ParserTests.swift in Sources */ = {isa = PBXBuildFile; fileRef = C20E6A6A236DCED200671953 /* Options.ParserTests.swift */; };
		C20E6A6C236DCF0600671953 /* Arguments.swift in Sources */ = {isa = PBXBuildFile; fileRef = C2B6EA432368997F00129CDB /* Arguments.swift */; };
		C20E6A6D236DCF1B00671953 /* Log.swift in Sources */ = {isa = PBXBuildFile; fileRef = C24BE705236A237300FFC671 /* Log.swift */; };
		C2238BB323A570BF00742F3F /* Controller.Main.swift in Sources */ = {isa = PBXBuildFile; fileRef = C2D13F19239FE8F400D0D689 /* Controller.Main.swift */; };
		C2238BB423A570BF00742F3F /* Controller.Run.swift in Sources */ = {isa = PBXBuildFile; fileRef = C2D13F1B239FE92900D0D689 /* Controller.Run.swift */; };
		C2238BB523A570BF00742F3F /* Controller.Create.swift in Sources */ = {isa = PBXBuildFile; fileRef = C2D13F1D239FE9B100D0D689 /* Controller.Create.swift */; };
		C2238BB623A570BF00742F3F /* Controller.Delete.swift in Sources */ = {isa = PBXBuildFile; fileRef = C2D13F1F239FE9BB00D0D689 /* Controller.Delete.swift */; };
		C2238BB723A570BF00742F3F /* ServiceConfig.Creator.swift in Sources */ = {isa = PBXBuildFile; fileRef = C26157461D928F29001AD818 /* ServiceConfig.Creator.swift */; };
		C2238BB823A570BF00742F3F /* ServiceConfig.Remover.swift in Sources */ = {isa = PBXBuildFile; fileRef = C2D37FC61FF970B700B44CA1 /* ServiceConfig.Remover.swift */; };
		C2238BB923A570BF00742F3F /* NetworkInterface.Initialize.swift in Sources */ = {isa = PBXBuildFile; fileRef = C2D13F2123A12F3600D0D689 /* NetworkInterface.Initialize.swift */; };
		C2238BBA23A570BF00742F3F /* NetworkSet.Current.swift in Sources */ = {isa = PBXBuildFile; fileRef = C2D13F2523A1416E00D0D689 /* NetworkSet.Current.swift */; };
		C2238BBB23A570BF00742F3F /* NetworkSet.Service.swift in Sources */ = {isa = PBXBuildFile; fileRef = C2D13F2323A133F700D0D689 /* NetworkSet.Service.swift */; };
		C2238BBC23A570BF00742F3F /* NetworkSet.Services.swift in Sources */ = {isa = PBXBuildFile; fileRef = C2D13F2723A16DE300D0D689 /* NetworkSet.Services.swift */; };
		C2238BBD23A570BF00742F3F /* NetworkSet.RemoveServices.swift in Sources */ = {isa = PBXBuildFile; fileRef = C2D13F2923A1774D00D0D689 /* NetworkSet.RemoveServices.swift */; };
		C2238BBE23A570BF00742F3F /* Keychain.Retrieve.swift in Sources */ = {isa = PBXBuildFile; fileRef = C2D13F13239ED6D500D0D689 /* Keychain.Retrieve.swift */; };
		C2238BBF23A570BF00742F3F /* Keychain.CreateItem.swift in Sources */ = {isa = PBXBuildFile; fileRef = C2D13F17239FDD3A00D0D689 /* Keychain.CreateItem.swift */; };
		C2238BC023A570BF00742F3F /* Authorizations.swift in Sources */ = {isa = PBXBuildFile; fileRef = C27566F91D08744A009CD68C /* Authorizations.swift */; };
		C2238BC123A570BF00742F3F /* Help.swift in Sources */ = {isa = PBXBuildFile; fileRef = C233AF801C6E7DCD00F39700 /* Help.swift */; };
		C2238BC323A570BF00742F3F /* Optional+String.swift in Sources */ = {isa = PBXBuildFile; fileRef = C267ADF61ED1F6760058CDE6 /* Optional+String.swift */; };
		C233AF811C6E7DCD00F39700 /* Help.swift in Sources */ = {isa = PBXBuildFile; fileRef = C233AF801C6E7DCD00F39700 /* Help.swift */; };
		C23C4A00238C5BB9003CF07D /* ServiceConfig.Splitter.swift in Sources */ = {isa = PBXBuildFile; fileRef = C23C49FC238B0C41003CF07D /* ServiceConfig.Splitter.swift */; };
		C23C4A01238C5BB9003CF07D /* ServiceConfig.Splitter.swift in Sources */ = {isa = PBXBuildFile; fileRef = C23C49FC238B0C41003CF07D /* ServiceConfig.Splitter.swift */; };
		C23C4A04238C5BFE003CF07D /* ServiceConfigSplitterTests.swift in Sources */ = {isa = PBXBuildFile; fileRef = C23C4A02238C5BFE003CF07D /* ServiceConfigSplitterTests.swift */; };
		C23C4A06238C68EA003CF07D /* Collection+split.swift in Sources */ = {isa = PBXBuildFile; fileRef = C23C4A05238C68EA003CF07D /* Collection+split.swift */; };
		C23C4A07238C68EA003CF07D /* Collection+split.swift in Sources */ = {isa = PBXBuildFile; fileRef = C23C4A05238C68EA003CF07D /* Collection+split.swift */; };
		C23C4A09238EF261003CF07D /* Keychain.swift in Sources */ = {isa = PBXBuildFile; fileRef = C23C4A08238EF261003CF07D /* Keychain.swift */; };
		C23C4A0A238EF261003CF07D /* Keychain.swift in Sources */ = {isa = PBXBuildFile; fileRef = C23C4A08238EF261003CF07D /* Keychain.swift */; };
		C240416423895DE7008D48DB /* ServiceConfig.Parser.swift in Sources */ = {isa = PBXBuildFile; fileRef = C2A88E922389269C00908B0B /* ServiceConfig.Parser.swift */; };
		C2404165238968FF008D48DB /* ExitCode.swift in Sources */ = {isa = PBXBuildFile; fileRef = C299053C1E12F9B500570022 /* ExitCode.swift */; };
		C240416723897186008D48DB /* Options.swift in Sources */ = {isa = PBXBuildFile; fileRef = C240416623897186008D48DB /* Options.swift */; };
		C2404169238AD2E8008D48DB /* Options.Parser.swift in Sources */ = {isa = PBXBuildFile; fileRef = C2404168238AD2E8008D48DB /* Options.Parser.swift */; };
		C240416A238AD2E9008D48DB /* Options.Parser.swift in Sources */ = {isa = PBXBuildFile; fileRef = C2404168238AD2E8008D48DB /* Options.Parser.swift */; };
		C240416B238AD4A1008D48DB /* Options.swift in Sources */ = {isa = PBXBuildFile; fileRef = C240416623897186008D48DB /* Options.swift */; };
		C240416C238ADDD7008D48DB /* VPNColor.swift in Sources */ = {isa = PBXBuildFile; fileRef = C2CE09E31C6E972400B97D6D /* VPNColor.swift */; };
		C24BE706236A237300FFC671 /* Log.swift in Sources */ = {isa = PBXBuildFile; fileRef = C24BE705236A237300FFC671 /* Log.swift */; };
		C24BE70B236A2C7700FFC671 /* ServiceConfig.swift in Sources */ = {isa = PBXBuildFile; fileRef = C24BE70A236A2C7700FFC671 /* ServiceConfig.swift */; };
		C24BE70E236AE90F00FFC671 /* PrettyColors in Frameworks */ = {isa = PBXBuildFile; productRef = C24BE70D236AE90F00FFC671 /* PrettyColors */; };
		C25FF366238AE2980028E38A /* Moderator.swift in Sources */ = {isa = PBXBuildFile; fileRef = C25FF363238AE2980028E38A /* Moderator.swift */; };
		C25FF367238AE2980028E38A /* Parsers.swift in Sources */ = {isa = PBXBuildFile; fileRef = C25FF364238AE2980028E38A /* Parsers.swift */; };
		C25FF368238AE2980028E38A /* SwiftCompat.swift in Sources */ = {isa = PBXBuildFile; fileRef = C25FF365238AE2980028E38A /* SwiftCompat.swift */; };
		C25FF370238AE3000028E38A /* ECMA 48.swift in Sources */ = {isa = PBXBuildFile; fileRef = C25FF36A238AE3000028E38A /* ECMA 48.swift */; };
		C25FF371238AE3000028E38A /* Color · EightBit.swift in Sources */ = {isa = PBXBuildFile; fileRef = C25FF36B238AE3000028E38A /* Color · EightBit.swift */; };
		C25FF372238AE3000028E38A /* Color · Named.swift in Sources */ = {isa = PBXBuildFile; fileRef = C25FF36C238AE3000028E38A /* Color · Named.swift */; };
		C25FF373238AE3000028E38A /* Color.swift in Sources */ = {isa = PBXBuildFile; fileRef = C25FF36D238AE3000028E38A /* Color.swift */; };
		C25FF374238AE3000028E38A /* StyleParameter.swift in Sources */ = {isa = PBXBuildFile; fileRef = C25FF36E238AE3000028E38A /* StyleParameter.swift */; };
		C25FF375238AE3000028E38A /* ColorWrap.swift in Sources */ = {isa = PBXBuildFile; fileRef = C25FF36F238AE3000028E38A /* ColorWrap.swift */; };
		C26157471D928F29001AD818 /* ServiceConfig.Creator.swift in Sources */ = {isa = PBXBuildFile; fileRef = C26157461D928F29001AD818 /* ServiceConfig.Creator.swift */; };
		C267ADF71ED1F6760058CDE6 /* Optional+String.swift in Sources */ = {isa = PBXBuildFile; fileRef = C267ADF61ED1F6760058CDE6 /* Optional+String.swift */; };
		C269D1F3236B1F65003D6BE9 /* ServiceConfigTests.swift in Sources */ = {isa = PBXBuildFile; fileRef = C269D1F2236B1F65003D6BE9 /* ServiceConfigTests.swift */; };
		C26F6244239985BB00BC9000 /* Collection+splitTests.swift in Sources */ = {isa = PBXBuildFile; fileRef = C26F6243239985BB00BC9000 /* Collection+splitTests.swift */; };
		C26F6247239AD3B900BC9000 /* Flag.swift in Sources */ = {isa = PBXBuildFile; fileRef = C26F6245239AD33E00BC9000 /* Flag.swift */; };
		C26F624B239ADBAF00BC9000 /* FlagTests.swift in Sources */ = {isa = PBXBuildFile; fileRef = C26F6248239ADB4C00BC9000 /* FlagTests.swift */; };
		C26F624C239ADBBB00BC9000 /* Flag.swift in Sources */ = {isa = PBXBuildFile; fileRef = C26F6245239AD33E00BC9000 /* Flag.swift */; };
		C26F624E239AE40000BC9000 /* String+toUnsafePointer.swift in Sources */ = {isa = PBXBuildFile; fileRef = C26F624D239AE40000BC9000 /* String+toUnsafePointer.swift */; };
		C26F624F239AE40000BC9000 /* String+toUnsafePointer.swift in Sources */ = {isa = PBXBuildFile; fileRef = C26F624D239AE40000BC9000 /* String+toUnsafePointer.swift */; };
		C26F6251239C2CD700BC9000 /* ExitError.swift in Sources */ = {isa = PBXBuildFile; fileRef = C26F6250239C2CD700BC9000 /* ExitError.swift */; };
		C26F6252239C2CD700BC9000 /* ExitError.swift in Sources */ = {isa = PBXBuildFile; fileRef = C26F6250239C2CD700BC9000 /* ExitError.swift */; };
		C27566FA1D08744A009CD68C /* Authorizations.swift in Sources */ = {isa = PBXBuildFile; fileRef = C27566F91D08744A009CD68C /* Authorizations.swift */; };
		C299053D1E12F9B500570022 /* ExitCode.swift in Sources */ = {isa = PBXBuildFile; fileRef = C299053C1E12F9B500570022 /* ExitCode.swift */; };
		C2A88E932389269C00908B0B /* ServiceConfig.Parser.swift in Sources */ = {isa = PBXBuildFile; fileRef = C2A88E922389269C00908B0B /* ServiceConfig.Parser.swift */; };
		C2A88E9623892E1900908B0B /* ServiceConfigParserTests.swift in Sources */ = {isa = PBXBuildFile; fileRef = C2A88E9523892E1900908B0B /* ServiceConfigParserTests.swift */; };
		C2B6EA442368997F00129CDB /* Arguments.swift in Sources */ = {isa = PBXBuildFile; fileRef = C2B6EA432368997F00129CDB /* Arguments.swift */; };
		C2CE09E41C6E972400B97D6D /* VPNColor.swift in Sources */ = {isa = PBXBuildFile; fileRef = C2CE09E31C6E972400B97D6D /* VPNColor.swift */; };
		C2D13F14239ED6D500D0D689 /* Keychain.Retrieve.swift in Sources */ = {isa = PBXBuildFile; fileRef = C2D13F13239ED6D500D0D689 /* Keychain.Retrieve.swift */; };
		C2D13F18239FDD3A00D0D689 /* Keychain.CreateItem.swift in Sources */ = {isa = PBXBuildFile; fileRef = C2D13F17239FDD3A00D0D689 /* Keychain.CreateItem.swift */; };
		C2D13F1A239FE8F400D0D689 /* Controller.Main.swift in Sources */ = {isa = PBXBuildFile; fileRef = C2D13F19239FE8F400D0D689 /* Controller.Main.swift */; };
		C2D13F1C239FE92900D0D689 /* Controller.Run.swift in Sources */ = {isa = PBXBuildFile; fileRef = C2D13F1B239FE92900D0D689 /* Controller.Run.swift */; };
		C2D13F1E239FE9B100D0D689 /* Controller.Create.swift in Sources */ = {isa = PBXBuildFile; fileRef = C2D13F1D239FE9B100D0D689 /* Controller.Create.swift */; };
		C2D13F20239FE9BB00D0D689 /* Controller.Delete.swift in Sources */ = {isa = PBXBuildFile; fileRef = C2D13F1F239FE9BB00D0D689 /* Controller.Delete.swift */; };
		C2D13F2223A12F3600D0D689 /* NetworkInterface.Initialize.swift in Sources */ = {isa = PBXBuildFile; fileRef = C2D13F2123A12F3600D0D689 /* NetworkInterface.Initialize.swift */; };
		C2D13F2423A133F700D0D689 /* NetworkSet.Service.swift in Sources */ = {isa = PBXBuildFile; fileRef = C2D13F2323A133F700D0D689 /* NetworkSet.Service.swift */; };
		C2D13F2623A1416E00D0D689 /* NetworkSet.Current.swift in Sources */ = {isa = PBXBuildFile; fileRef = C2D13F2523A1416E00D0D689 /* NetworkSet.Current.swift */; };
		C2D13F2823A16DE300D0D689 /* NetworkSet.Services.swift in Sources */ = {isa = PBXBuildFile; fileRef = C2D13F2723A16DE300D0D689 /* NetworkSet.Services.swift */; };
		C2D13F2A23A1774D00D0D689 /* NetworkSet.RemoveServices.swift in Sources */ = {isa = PBXBuildFile; fileRef = C2D13F2923A1774D00D0D689 /* NetworkSet.RemoveServices.swift */; };
		C2D37FC71FF970B700B44CA1 /* ServiceConfig.Remover.swift in Sources */ = {isa = PBXBuildFile; fileRef = C2D37FC61FF970B700B44CA1 /* ServiceConfig.Remover.swift */; };
/* End PBXBuildFile section */

/* Begin PBXContainerItemProxy section */
		C20E6A70236DD07200671953 /* PBXContainerItemProxy */ = {
			isa = PBXContainerItemProxy;
			containerPortal = 32861388197FED310010BB98 /* Project object */;
			proxyType = 1;
			remoteGlobalIDString = 3286138F197FED310010BB98;
			remoteInfo = macosvpn;
		};
/* End PBXContainerItemProxy section */

/* Begin PBXCopyFilesBuildPhase section */
		3286138E197FED310010BB98 /* CopyFiles */ = {
			isa = PBXCopyFilesBuildPhase;
			buildActionMask = 2147483647;
			dstPath = /usr/share/man/man1/;
			dstSubfolderSpec = 0;
			files = (
			);
			runOnlyForDeploymentPostprocessing = 1;
		};
		C20E6A62236DC24900671953 /* Embed Frameworks */ = {
			isa = PBXCopyFilesBuildPhase;
			buildActionMask = 2147483647;
			dstPath = "";
			dstSubfolderSpec = 10;
			files = (
			);
			name = "Embed Frameworks";
			runOnlyForDeploymentPostprocessing = 0;
		};
/* End PBXCopyFilesBuildPhase section */

/* Begin PBXFileReference section */
		32861390197FED310010BB98 /* macosvpn */ = {isa = PBXFileReference; explicitFileType = "compiled.mach-o.executable"; includeInIndex = 0; path = macosvpn; sourceTree = BUILT_PRODUCTS_DIR; };
		32861393197FED310010BB98 /* Foundation.framework */ = {isa = PBXFileReference; lastKnownFileType = wrapper.framework; name = Foundation.framework; path = System/Library/Frameworks/Foundation.framework; sourceTree = SDKROOT; };
		328613A1197FEE7A0010BB98 /* SystemConfiguration.framework */ = {isa = PBXFileReference; lastKnownFileType = wrapper.framework; name = SystemConfiguration.framework; path = System/Library/Frameworks/SystemConfiguration.framework; sourceTree = SDKROOT; };
		9D3D847D1982AE1B005BD5F3 /* Security.framework */ = {isa = PBXFileReference; lastKnownFileType = wrapper.framework; name = Security.framework; path = System/Library/Frameworks/Security.framework; sourceTree = SDKROOT; };
		9D3D848919842C36005BD5F3 /* Info.plist */ = {isa = PBXFileReference; lastKnownFileType = text.plist.xml; name = Info.plist; path = macosvpn/Info.plist; sourceTree = SOURCE_ROOT; };
		9D5CE1C419803F2B005B5E3E /* main.swift */ = {isa = PBXFileReference; fileEncoding = 4; lastKnownFileType = sourcecode.swift; name = main.swift; path = macosvpn/main.swift; sourceTree = SOURCE_ROOT; };
		C20E6A6A236DCED200671953 /* Options.ParserTests.swift */ = {isa = PBXFileReference; lastKnownFileType = sourcecode.swift; path = Options.ParserTests.swift; sourceTree = "<group>"; };
		C233AF801C6E7DCD00F39700 /* Help.swift */ = {isa = PBXFileReference; fileEncoding = 4; lastKnownFileType = sourcecode.swift; path = Help.swift; sourceTree = "<group>"; };
		C23C49FC238B0C41003CF07D /* ServiceConfig.Splitter.swift */ = {isa = PBXFileReference; lastKnownFileType = sourcecode.swift; path = ServiceConfig.Splitter.swift; sourceTree = "<group>"; };
		C23C4A02238C5BFE003CF07D /* ServiceConfigSplitterTests.swift */ = {isa = PBXFileReference; lastKnownFileType = sourcecode.swift; path = ServiceConfigSplitterTests.swift; sourceTree = "<group>"; };
		C23C4A05238C68EA003CF07D /* Collection+split.swift */ = {isa = PBXFileReference; lastKnownFileType = sourcecode.swift; path = "Collection+split.swift"; sourceTree = "<group>"; };
		C23C4A08238EF261003CF07D /* Keychain.swift */ = {isa = PBXFileReference; lastKnownFileType = sourcecode.swift; path = Keychain.swift; sourceTree = "<group>"; };
		C240416623897186008D48DB /* Options.swift */ = {isa = PBXFileReference; lastKnownFileType = sourcecode.swift; path = Options.swift; sourceTree = "<group>"; };
		C2404168238AD2E8008D48DB /* Options.Parser.swift */ = {isa = PBXFileReference; lastKnownFileType = sourcecode.swift; path = Options.Parser.swift; sourceTree = "<group>"; };
		C24BE705236A237300FFC671 /* Log.swift */ = {isa = PBXFileReference; fileEncoding = 4; lastKnownFileType = sourcecode.swift; path = Log.swift; sourceTree = "<group>"; };
		C24BE70A236A2C7700FFC671 /* ServiceConfig.swift */ = {isa = PBXFileReference; lastKnownFileType = sourcecode.swift; path = ServiceConfig.swift; sourceTree = "<group>"; };
		C25FF363238AE2980028E38A /* Moderator.swift */ = {isa = PBXFileReference; fileEncoding = 4; lastKnownFileType = sourcecode.swift; path = Moderator.swift; sourceTree = "<group>"; };
		C25FF364238AE2980028E38A /* Parsers.swift */ = {isa = PBXFileReference; fileEncoding = 4; lastKnownFileType = sourcecode.swift; path = Parsers.swift; sourceTree = "<group>"; };
		C25FF365238AE2980028E38A /* SwiftCompat.swift */ = {isa = PBXFileReference; fileEncoding = 4; lastKnownFileType = sourcecode.swift; path = SwiftCompat.swift; sourceTree = "<group>"; };
		C25FF36A238AE3000028E38A /* ECMA 48.swift */ = {isa = PBXFileReference; fileEncoding = 4; lastKnownFileType = sourcecode.swift; path = "ECMA 48.swift"; sourceTree = "<group>"; };
		C25FF36B238AE3000028E38A /* Color · EightBit.swift */ = {isa = PBXFileReference; fileEncoding = 4; lastKnownFileType = sourcecode.swift; path = "Color · EightBit.swift"; sourceTree = "<group>"; };
		C25FF36C238AE3000028E38A /* Color · Named.swift */ = {isa = PBXFileReference; fileEncoding = 4; lastKnownFileType = sourcecode.swift; path = "Color · Named.swift"; sourceTree = "<group>"; };
		C25FF36D238AE3000028E38A /* Color.swift */ = {isa = PBXFileReference; fileEncoding = 4; lastKnownFileType = sourcecode.swift; path = Color.swift; sourceTree = "<group>"; };
		C25FF36E238AE3000028E38A /* StyleParameter.swift */ = {isa = PBXFileReference; fileEncoding = 4; lastKnownFileType = sourcecode.swift; path = StyleParameter.swift; sourceTree = "<group>"; };
		C25FF36F238AE3000028E38A /* ColorWrap.swift */ = {isa = PBXFileReference; fileEncoding = 4; lastKnownFileType = sourcecode.swift; path = ColorWrap.swift; sourceTree = "<group>"; };
		C26157461D928F29001AD818 /* ServiceConfig.Creator.swift */ = {isa = PBXFileReference; fileEncoding = 4; lastKnownFileType = sourcecode.swift; path = ServiceConfig.Creator.swift; sourceTree = "<group>"; };
		C267ADF61ED1F6760058CDE6 /* Optional+String.swift */ = {isa = PBXFileReference; fileEncoding = 4; lastKnownFileType = sourcecode.swift; path = "Optional+String.swift"; sourceTree = "<group>"; };
		C269D1F0236B1F65003D6BE9 /* macosvpnTests.xctest */ = {isa = PBXFileReference; explicitFileType = wrapper.cfbundle; includeInIndex = 0; path = macosvpnTests.xctest; sourceTree = BUILT_PRODUCTS_DIR; };
		C269D1F2236B1F65003D6BE9 /* ServiceConfigTests.swift */ = {isa = PBXFileReference; lastKnownFileType = sourcecode.swift; path = ServiceConfigTests.swift; sourceTree = "<group>"; };
		C269D1F4236B1F65003D6BE9 /* Info.plist */ = {isa = PBXFileReference; lastKnownFileType = text.plist.xml; path = Info.plist; sourceTree = "<group>"; };
		C26F6243239985BB00BC9000 /* Collection+splitTests.swift */ = {isa = PBXFileReference; lastKnownFileType = sourcecode.swift; path = "Collection+splitTests.swift"; sourceTree = "<group>"; };
		C26F6245239AD33E00BC9000 /* Flag.swift */ = {isa = PBXFileReference; lastKnownFileType = sourcecode.swift; path = Flag.swift; sourceTree = "<group>"; };
		C26F6248239ADB4C00BC9000 /* FlagTests.swift */ = {isa = PBXFileReference; lastKnownFileType = sourcecode.swift; path = FlagTests.swift; sourceTree = "<group>"; };
		C26F624D239AE40000BC9000 /* String+toUnsafePointer.swift */ = {isa = PBXFileReference; lastKnownFileType = sourcecode.swift; path = "String+toUnsafePointer.swift"; sourceTree = "<group>"; };
		C26F6250239C2CD700BC9000 /* ExitError.swift */ = {isa = PBXFileReference; lastKnownFileType = sourcecode.swift; path = ExitError.swift; sourceTree = "<group>"; };
		C27566F91D08744A009CD68C /* Authorizations.swift */ = {isa = PBXFileReference; fileEncoding = 4; lastKnownFileType = sourcecode.swift; path = Authorizations.swift; sourceTree = "<group>"; };
		C299053C1E12F9B500570022 /* ExitCode.swift */ = {isa = PBXFileReference; fileEncoding = 4; lastKnownFileType = sourcecode.swift; path = ExitCode.swift; sourceTree = "<group>"; };
		C2A88E922389269C00908B0B /* ServiceConfig.Parser.swift */ = {isa = PBXFileReference; lastKnownFileType = sourcecode.swift; path = ServiceConfig.Parser.swift; sourceTree = "<group>"; };
		C2A88E9523892E1900908B0B /* ServiceConfigParserTests.swift */ = {isa = PBXFileReference; lastKnownFileType = sourcecode.swift; path = ServiceConfigParserTests.swift; sourceTree = "<group>"; };
		C2B6EA432368997F00129CDB /* Arguments.swift */ = {isa = PBXFileReference; lastKnownFileType = sourcecode.swift; path = Arguments.swift; sourceTree = "<group>"; };
		C2CE09E31C6E972400B97D6D /* VPNColor.swift */ = {isa = PBXFileReference; fileEncoding = 4; lastKnownFileType = sourcecode.swift; path = VPNColor.swift; sourceTree = "<group>"; };
		C2D13F13239ED6D500D0D689 /* Keychain.Retrieve.swift */ = {isa = PBXFileReference; lastKnownFileType = sourcecode.swift; path = Keychain.Retrieve.swift; sourceTree = "<group>"; };
		C2D13F17239FDD3A00D0D689 /* Keychain.CreateItem.swift */ = {isa = PBXFileReference; lastKnownFileType = sourcecode.swift; path = Keychain.CreateItem.swift; sourceTree = "<group>"; };
		C2D13F19239FE8F400D0D689 /* Controller.Main.swift */ = {isa = PBXFileReference; lastKnownFileType = sourcecode.swift; path = Controller.Main.swift; sourceTree = "<group>"; };
		C2D13F1B239FE92900D0D689 /* Controller.Run.swift */ = {isa = PBXFileReference; lastKnownFileType = sourcecode.swift; path = Controller.Run.swift; sourceTree = "<group>"; };
		C2D13F1D239FE9B100D0D689 /* Controller.Create.swift */ = {isa = PBXFileReference; lastKnownFileType = sourcecode.swift; path = Controller.Create.swift; sourceTree = "<group>"; };
		C2D13F1F239FE9BB00D0D689 /* Controller.Delete.swift */ = {isa = PBXFileReference; lastKnownFileType = sourcecode.swift; path = Controller.Delete.swift; sourceTree = "<group>"; };
		C2D13F2123A12F3600D0D689 /* NetworkInterface.Initialize.swift */ = {isa = PBXFileReference; lastKnownFileType = sourcecode.swift; path = NetworkInterface.Initialize.swift; sourceTree = "<group>"; };
		C2D13F2323A133F700D0D689 /* NetworkSet.Service.swift */ = {isa = PBXFileReference; lastKnownFileType = sourcecode.swift; path = NetworkSet.Service.swift; sourceTree = "<group>"; };
		C2D13F2523A1416E00D0D689 /* NetworkSet.Current.swift */ = {isa = PBXFileReference; lastKnownFileType = sourcecode.swift; path = NetworkSet.Current.swift; sourceTree = "<group>"; };
		C2D13F2723A16DE300D0D689 /* NetworkSet.Services.swift */ = {isa = PBXFileReference; lastKnownFileType = sourcecode.swift; path = NetworkSet.Services.swift; sourceTree = "<group>"; };
		C2D13F2923A1774D00D0D689 /* NetworkSet.RemoveServices.swift */ = {isa = PBXFileReference; lastKnownFileType = sourcecode.swift; path = NetworkSet.RemoveServices.swift; sourceTree = "<group>"; };
		C2D37FC61FF970B700B44CA1 /* ServiceConfig.Remover.swift */ = {isa = PBXFileReference; lastKnownFileType = sourcecode.swift; path = ServiceConfig.Remover.swift; sourceTree = "<group>"; };
		C2EBF466236DD708004562E2 /* README.md */ = {isa = PBXFileReference; lastKnownFileType = net.daringfireball.markdown; path = README.md; sourceTree = "<group>"; };
/* End PBXFileReference section */

/* Begin PBXFrameworksBuildPhase section */
		3286138D197FED310010BB98 /* Frameworks */ = {
			isa = PBXFrameworksBuildPhase;
			buildActionMask = 2147483647;
			files = (
				C20E6A68236DC8DB00671953 /* Moderator in Frameworks */,
				32861394197FED310010BB98 /* Foundation.framework in Frameworks */,
				9D3D847E1982AE1B005BD5F3 /* Security.framework in Frameworks */,
				328613A2197FEE7A0010BB98 /* SystemConfiguration.framework in Frameworks */,
				C24BE70E236AE90F00FFC671 /* PrettyColors in Frameworks */,
			);
			runOnlyForDeploymentPostprocessing = 0;
		};
		C269D1ED236B1F65003D6BE9 /* Frameworks */ = {
			isa = PBXFrameworksBuildPhase;
			buildActionMask = 2147483647;
			files = (
			);
			runOnlyForDeploymentPostprocessing = 0;
		};
/* End PBXFrameworksBuildPhase section */

/* Begin PBXGroup section */
		32861387197FED310010BB98 = {
			isa = PBXGroup;
			children = (
				32861395197FED310010BB98 /* macosvpn */,
				32861398197FED310010BB98 /* Config */,
				C269D1F1236B1F65003D6BE9 /* macosvpnTests */,
				32861392197FED310010BB98 /* Frameworks */,
				32861391197FED310010BB98 /* Products */,
			);
			sourceTree = "<group>";
		};
		32861391197FED310010BB98 /* Products */ = {
			isa = PBXGroup;
			children = (
				32861390197FED310010BB98 /* macosvpn */,
				C269D1F0236B1F65003D6BE9 /* macosvpnTests.xctest */,
			);
			name = Products;
			sourceTree = "<group>";
		};
		32861392197FED310010BB98 /* Frameworks */ = {
			isa = PBXGroup;
			children = (
				9D3D847D1982AE1B005BD5F3 /* Security.framework */,
				328613A1197FEE7A0010BB98 /* SystemConfiguration.framework */,
				32861393197FED310010BB98 /* Foundation.framework */,
			);
			name = Frameworks;
			sourceTree = "<group>";
		};
		32861395197FED310010BB98 /* macosvpn */ = {
			isa = PBXGroup;
			children = (
				9D5CE1C619803F32005B5E3E /* Classes */,
				9D5CE1C419803F2B005B5E3E /* main.swift */,
			);
			name = macosvpn;
			path = linkliar;
			sourceTree = "<group>";
		};
		32861398197FED310010BB98 /* Config */ = {
			isa = PBXGroup;
			children = (
				9D3D848919842C36005BD5F3 /* Info.plist */,
			);
			name = Config;
			path = linkliar;
			sourceTree = "<group>";
		};
		9D5CE1C619803F32005B5E3E /* Classes */ = {
			isa = PBXGroup;
			children = (
				C2D13F19239FE8F400D0D689 /* Controller.Main.swift */,
				C2D13F1B239FE92900D0D689 /* Controller.Run.swift */,
				C2D13F1D239FE9B100D0D689 /* Controller.Create.swift */,
				C2D13F1F239FE9BB00D0D689 /* Controller.Delete.swift */,
				C2B6EA432368997F00129CDB /* Arguments.swift */,
				C26F6245239AD33E00BC9000 /* Flag.swift */,
				C2404168238AD2E8008D48DB /* Options.Parser.swift */,
				C240416623897186008D48DB /* Options.swift */,
				C23C49FC238B0C41003CF07D /* ServiceConfig.Splitter.swift */,
				C2A88E922389269C00908B0B /* ServiceConfig.Parser.swift */,
				C26157461D928F29001AD818 /* ServiceConfig.Creator.swift */,
				C2D37FC61FF970B700B44CA1 /* ServiceConfig.Remover.swift */,
				C24BE70A236A2C7700FFC671 /* ServiceConfig.swift */,
				C2D13F2123A12F3600D0D689 /* NetworkInterface.Initialize.swift */,
				C2D13F2523A1416E00D0D689 /* NetworkSet.Current.swift */,
				C2D13F2323A133F700D0D689 /* NetworkSet.Service.swift */,
				C2D13F2723A16DE300D0D689 /* NetworkSet.Services.swift */,
				C2D13F2923A1774D00D0D689 /* NetworkSet.RemoveServices.swift */,
				C23C4A08238EF261003CF07D /* Keychain.swift */,
				C2D13F13239ED6D500D0D689 /* Keychain.Retrieve.swift */,
				C2D13F17239FDD3A00D0D689 /* Keychain.CreateItem.swift */,
				C27566F91D08744A009CD68C /* Authorizations.swift */,
				C26F6250239C2CD700BC9000 /* ExitError.swift */,
				C299053C1E12F9B500570022 /* ExitCode.swift */,
				C233AF801C6E7DCD00F39700 /* Help.swift */,
				C2CE09E31C6E972400B97D6D /* VPNColor.swift */,
				C24BE705236A237300FFC671 /* Log.swift */,
				C23C4A05238C68EA003CF07D /* Collection+split.swift */,
				C267ADF61ED1F6760058CDE6 /* Optional+String.swift */,
				C26F624D239AE40000BC9000 /* String+toUnsafePointer.swift */,
			);
			name = Classes;
			path = macosvpn/Classes;
			sourceTree = SOURCE_ROOT;
		};
		C25FF362238AE2980028E38A /* Moderator */ = {
			isa = PBXGroup;
			children = (
				C25FF363238AE2980028E38A /* Moderator.swift */,
				C25FF364238AE2980028E38A /* Parsers.swift */,
				C25FF365238AE2980028E38A /* SwiftCompat.swift */,
			);
			path = Moderator;
			sourceTree = "<group>";
		};
		C25FF369238AE3000028E38A /* PrettyColors */ = {
			isa = PBXGroup;
			children = (
				C25FF36A238AE3000028E38A /* ECMA 48.swift */,
				C25FF36B238AE3000028E38A /* Color · EightBit.swift */,
				C25FF36C238AE3000028E38A /* Color · Named.swift */,
				C25FF36D238AE3000028E38A /* Color.swift */,
				C25FF36E238AE3000028E38A /* StyleParameter.swift */,
				C25FF36F238AE3000028E38A /* ColorWrap.swift */,
			);
			path = PrettyColors;
			sourceTree = "<group>";
		};
		C269D1F1236B1F65003D6BE9 /* macosvpnTests */ = {
			isa = PBXGroup;
			children = (
				C20E6A6A236DCED200671953 /* Options.ParserTests.swift */,
				C23C4A02238C5BFE003CF07D /* ServiceConfigSplitterTests.swift */,
				C26F6248239ADB4C00BC9000 /* FlagTests.swift */,
				C2A88E9523892E1900908B0B /* ServiceConfigParserTests.swift */,
				C269D1F2236B1F65003D6BE9 /* ServiceConfigTests.swift */,
				C26F6243239985BB00BC9000 /* Collection+splitTests.swift */,
				C269D1F4236B1F65003D6BE9 /* Info.plist */,
				C2EBF45E236DD658004562E2 /* Vendor */,
			);
			path = macosvpnTests;
			sourceTree = "<group>";
		};
		C2EBF45E236DD658004562E2 /* Vendor */ = {
			isa = PBXGroup;
			children = (
				C25FF369238AE3000028E38A /* PrettyColors */,
				C25FF362238AE2980028E38A /* Moderator */,
				C2EBF466236DD708004562E2 /* README.md */,
			);
			path = Vendor;
			sourceTree = "<group>";
		};
/* End PBXGroup section */

/* Begin PBXNativeTarget section */
		3286138F197FED310010BB98 /* macosvpn */ = {
			isa = PBXNativeTarget;
			buildConfigurationList = 3286139E197FED310010BB98 /* Build configuration list for PBXNativeTarget "macosvpn" */;
			buildPhases = (
				3286138C197FED310010BB98 /* Sources */,
				3286138D197FED310010BB98 /* Frameworks */,
				3286138E197FED310010BB98 /* CopyFiles */,
				C20E6A62236DC24900671953 /* Embed Frameworks */,
			);
			buildRules = (
			);
			dependencies = (
				C20E6A73236DD28700671953 /* PBXTargetDependency */,
			);
			name = macosvpn;
			packageProductDependencies = (
				C24BE70D236AE90F00FFC671 /* PrettyColors */,
				C20E6A67236DC8DB00671953 /* Moderator */,
			);
			productName = linkliar;
			productReference = 32861390197FED310010BB98 /* macosvpn */;
			productType = "com.apple.product-type.tool";
		};
		C269D1EF236B1F65003D6BE9 /* macosvpnTests */ = {
			isa = PBXNativeTarget;
			buildConfigurationList = C269D1F5236B1F65003D6BE9 /* Build configuration list for PBXNativeTarget "macosvpnTests" */;
			buildPhases = (
				C269D1EC236B1F65003D6BE9 /* Sources */,
				C269D1ED236B1F65003D6BE9 /* Frameworks */,
				C269D1EE236B1F65003D6BE9 /* Resources */,
			);
			buildRules = (
			);
			dependencies = (
				C20E6A71236DD07200671953 /* PBXTargetDependency */,
			);
			name = macosvpnTests;
			packageProductDependencies = (
			);
			productName = macosvpnTests;
			productReference = C269D1F0236B1F65003D6BE9 /* macosvpnTests.xctest */;
			productType = "com.apple.product-type.bundle.unit-test";
		};
/* End PBXNativeTarget section */

/* Begin PBXProject section */
		32861388197FED310010BB98 /* Project object */ = {
			isa = PBXProject;
			attributes = {
				LastSwiftUpdateCheck = 1110;
				LastUpgradeCheck = 1110;
				ORGANIZATIONNAME = funkensturm;
				TargetAttributes = {
					3286138F197FED310010BB98 = {
						DevelopmentTeam = B9J4QR64LK;
						LastSwiftMigration = 0830;
					};
					C269D1EF236B1F65003D6BE9 = {
						CreatedOnToolsVersion = 11.1;
					};
				};
			};
			buildConfigurationList = 3286138B197FED310010BB98 /* Build configuration list for PBXProject "macosvpn" */;
			compatibilityVersion = "Xcode 3.2";
			developmentRegion = en;
			hasScannedForEncodings = 0;
			knownRegions = (
				en,
				Base,
			);
			mainGroup = 32861387197FED310010BB98;
			packageReferences = (
				C24BE70C236AE90F00FFC671 /* XCRemoteSwiftPackageReference "PrettyColors" */,
				C20E6A66236DC8DB00671953 /* XCRemoteSwiftPackageReference "Moderator" */,
			);
			productRefGroup = 32861391197FED310010BB98 /* Products */;
			projectDirPath = "";
			projectRoot = "";
			targets = (
				3286138F197FED310010BB98 /* macosvpn */,
				C269D1EF236B1F65003D6BE9 /* macosvpnTests */,
			);
		};
/* End PBXProject section */

/* Begin PBXResourcesBuildPhase section */
		C269D1EE236B1F65003D6BE9 /* Resources */ = {
			isa = PBXResourcesBuildPhase;
			buildActionMask = 2147483647;
			files = (
			);
			runOnlyForDeploymentPostprocessing = 0;
		};
/* End PBXResourcesBuildPhase section */

/* Begin PBXSourcesBuildPhase section */
		3286138C197FED310010BB98 /* Sources */ = {
			isa = PBXSourcesBuildPhase;
			buildActionMask = 2147483647;
			files = (
				C24BE706236A237300FFC671 /* Log.swift in Sources */,
				C2B6EA442368997F00129CDB /* Arguments.swift in Sources */,
				C2D13F2223A12F3600D0D689 /* NetworkInterface.Initialize.swift in Sources */,
				C23C4A01238C5BB9003CF07D /* ServiceConfig.Splitter.swift in Sources */,
				C2CE09E41C6E972400B97D6D /* VPNColor.swift in Sources */,
				C2D13F14239ED6D500D0D689 /* Keychain.Retrieve.swift in Sources */,
				C23C4A09238EF261003CF07D /* Keychain.swift in Sources */,
				C233AF811C6E7DCD00F39700 /* Help.swift in Sources */,
				C2D13F1A239FE8F400D0D689 /* Controller.Main.swift in Sources */,
				C2D13F1C239FE92900D0D689 /* Controller.Run.swift in Sources */,
				C2A88E932389269C00908B0B /* ServiceConfig.Parser.swift in Sources */,
				C2D13F20239FE9BB00D0D689 /* Controller.Delete.swift in Sources */,
				C2D13F1E239FE9B100D0D689 /* Controller.Create.swift in Sources */,
				C27566FA1D08744A009CD68C /* Authorizations.swift in Sources */,
				C299053D1E12F9B500570022 /* ExitCode.swift in Sources */,
				C23C4A06238C68EA003CF07D /* Collection+split.swift in Sources */,
				C26F6247239AD3B900BC9000 /* Flag.swift in Sources */,
				C2D13F2823A16DE300D0D689 /* NetworkSet.Services.swift in Sources */,
				C26F624E239AE40000BC9000 /* String+toUnsafePointer.swift in Sources */,
				C26157471D928F29001AD818 /* ServiceConfig.Creator.swift in Sources */,
				C24BE70B236A2C7700FFC671 /* ServiceConfig.swift in Sources */,
				C267ADF71ED1F6760058CDE6 /* Optional+String.swift in Sources */,
				C240416723897186008D48DB /* Options.swift in Sources */,
				C2D13F2A23A1774D00D0D689 /* NetworkSet.RemoveServices.swift in Sources */,
				C2D13F18239FDD3A00D0D689 /* Keychain.CreateItem.swift in Sources */,
				C2D13F2423A133F700D0D689 /* NetworkSet.Service.swift in Sources */,
				C2D13F2623A1416E00D0D689 /* NetworkSet.Current.swift in Sources */,
				C26F6251239C2CD700BC9000 /* ExitError.swift in Sources */,
				C2D37FC71FF970B700B44CA1 /* ServiceConfig.Remover.swift in Sources */,
				9D61984D1981129900FC01E8 /* main.swift in Sources */,
				C2404169238AD2E8008D48DB /* Options.Parser.swift in Sources */,
			);
			runOnlyForDeploymentPostprocessing = 0;
		};
		C269D1EC236B1F65003D6BE9 /* Sources */ = {
			isa = PBXSourcesBuildPhase;
			buildActionMask = 2147483647;
			files = (
				C2238BB323A570BF00742F3F /* Controller.Main.swift in Sources */,
				C2238BB423A570BF00742F3F /* Controller.Run.swift in Sources */,
				C2238BB523A570BF00742F3F /* Controller.Create.swift in Sources */,
				C2238BB623A570BF00742F3F /* Controller.Delete.swift in Sources */,
				C2238BB723A570BF00742F3F /* ServiceConfig.Creator.swift in Sources */,
				C2238BB823A570BF00742F3F /* ServiceConfig.Remover.swift in Sources */,
				C2238BB923A570BF00742F3F /* NetworkInterface.Initialize.swift in Sources */,
				C2238BBA23A570BF00742F3F /* NetworkSet.Current.swift in Sources */,
				C2238BBB23A570BF00742F3F /* NetworkSet.Service.swift in Sources */,
				C2238BBC23A570BF00742F3F /* NetworkSet.Services.swift in Sources */,
				C2238BBD23A570BF00742F3F /* NetworkSet.RemoveServices.swift in Sources */,
				C2238BBE23A570BF00742F3F /* Keychain.Retrieve.swift in Sources */,
				C2238BBF23A570BF00742F3F /* Keychain.CreateItem.swift in Sources */,
				C2238BC023A570BF00742F3F /* Authorizations.swift in Sources */,
				C2238BC123A570BF00742F3F /* Help.swift in Sources */,
				C2238BC323A570BF00742F3F /* Optional+String.swift in Sources */,
				C2404165238968FF008D48DB /* ExitCode.swift in Sources */,
				C240416B238AD4A1008D48DB /* Options.swift in Sources */,
				C25FF367238AE2980028E38A /* Parsers.swift in Sources */,
				C26F6252239C2CD700BC9000 /* ExitError.swift in Sources */,
				C25FF372238AE3000028E38A /* Color · Named.swift in Sources */,
				C26F624C239ADBBB00BC9000 /* Flag.swift in Sources */,
				C26F6244239985BB00BC9000 /* Collection+splitTests.swift in Sources */,
				C20E6A6B236DCED200671953 /* Options.ParserTests.swift in Sources */,
				C23C4A0A238EF261003CF07D /* Keychain.swift in Sources */,
				C20E6A69236DC99900671953 /* ServiceConfig.swift in Sources */,
				C23C4A04238C5BFE003CF07D /* ServiceConfigSplitterTests.swift in Sources */,
				C240416423895DE7008D48DB /* ServiceConfig.Parser.swift in Sources */,
				C20E6A6D236DCF1B00671953 /* Log.swift in Sources */,
				C25FF374238AE3000028E38A /* StyleParameter.swift in Sources */,
				C269D1F3236B1F65003D6BE9 /* ServiceConfigTests.swift in Sources */,
				C20E6A6C236DCF0600671953 /* Arguments.swift in Sources */,
				C26F624F239AE40000BC9000 /* String+toUnsafePointer.swift in Sources */,
				C25FF373238AE3000028E38A /* Color.swift in Sources */,
				C25FF370238AE3000028E38A /* ECMA 48.swift in Sources */,
				C23C4A00238C5BB9003CF07D /* ServiceConfig.Splitter.swift in Sources */,
				C240416A238AD2E9008D48DB /* Options.Parser.swift in Sources */,
				C25FF366238AE2980028E38A /* Moderator.swift in Sources */,
				C2A88E9623892E1900908B0B /* ServiceConfigParserTests.swift in Sources */,
				C240416C238ADDD7008D48DB /* VPNColor.swift in Sources */,
				C23C4A07238C68EA003CF07D /* Collection+split.swift in Sources */,
				C25FF375238AE3000028E38A /* ColorWrap.swift in Sources */,
				C25FF368238AE2980028E38A /* SwiftCompat.swift in Sources */,
				C25FF371238AE3000028E38A /* Color · EightBit.swift in Sources */,
				C26F624B239ADBAF00BC9000 /* FlagTests.swift in Sources */,
			);
			runOnlyForDeploymentPostprocessing = 0;
		};
/* End PBXSourcesBuildPhase section */

/* Begin PBXTargetDependency section */
		C20E6A71236DD07200671953 /* PBXTargetDependency */ = {
			isa = PBXTargetDependency;
			target = 3286138F197FED310010BB98 /* macosvpn */;
			targetProxy = C20E6A70236DD07200671953 /* PBXContainerItemProxy */;
		};
		C20E6A73236DD28700671953 /* PBXTargetDependency */ = {
			isa = PBXTargetDependency;
			productRef = C20E6A72236DD28700671953 /* Moderator */;
		};
/* End PBXTargetDependency section */

/* Begin XCBuildConfiguration section */
		3286139C197FED310010BB98 /* Debug */ = {
			isa = XCBuildConfiguration;
			buildSettings = {
				ALWAYS_SEARCH_USER_PATHS = NO;
				CLANG_ANALYZER_LOCALIZABILITY_NONLOCALIZED = YES;
				CLANG_CXX_LANGUAGE_STANDARD = "gnu++0x";
				CLANG_CXX_LIBRARY = "libc++";
				CLANG_ENABLE_MODULES = YES;
				CLANG_ENABLE_OBJC_ARC = YES;
				CLANG_WARN_BLOCK_CAPTURE_AUTORELEASING = YES;
				CLANG_WARN_BOOL_CONVERSION = YES;
				CLANG_WARN_COMMA = YES;
				CLANG_WARN_CONSTANT_CONVERSION = YES;
				CLANG_WARN_DEPRECATED_OBJC_IMPLEMENTATIONS = YES;
				CLANG_WARN_DIRECT_OBJC_ISA_USAGE = YES_ERROR;
				CLANG_WARN_EMPTY_BODY = YES;
				CLANG_WARN_ENUM_CONVERSION = YES;
				CLANG_WARN_INFINITE_RECURSION = YES;
				CLANG_WARN_INT_CONVERSION = YES;
				CLANG_WARN_NON_LITERAL_NULL_CONVERSION = YES;
				CLANG_WARN_OBJC_IMPLICIT_RETAIN_SELF = YES;
				CLANG_WARN_OBJC_LITERAL_CONVERSION = YES;
				CLANG_WARN_OBJC_ROOT_CLASS = YES_ERROR;
				CLANG_WARN_RANGE_LOOP_ANALYSIS = YES;
				CLANG_WARN_STRICT_PROTOTYPES = YES;
				CLANG_WARN_SUSPICIOUS_MOVE = YES;
				CLANG_WARN_UNREACHABLE_CODE = YES;
				CLANG_WARN__DUPLICATE_METHOD_MATCH = YES;
				COPY_PHASE_STRIP = NO;
				DEFINES_MODULE = NO;
				ENABLE_STRICT_OBJC_MSGSEND = YES;
				ENABLE_TESTABILITY = YES;
				GCC_C_LANGUAGE_STANDARD = gnu99;
				GCC_DYNAMIC_NO_PIC = NO;
				GCC_ENABLE_OBJC_EXCEPTIONS = YES;
				GCC_NO_COMMON_BLOCKS = YES;
				GCC_OPTIMIZATION_LEVEL = 0;
				GCC_PREPROCESSOR_DEFINITIONS = (
					"DEBUG=1",
					"$(inherited)",
				);
				GCC_SYMBOLS_PRIVATE_EXTERN = NO;
				GCC_WARN_64_TO_32_BIT_CONVERSION = YES;
				GCC_WARN_ABOUT_RETURN_TYPE = YES_ERROR;
				GCC_WARN_UNDECLARED_SELECTOR = YES;
				GCC_WARN_UNINITIALIZED_AUTOS = YES_AGGRESSIVE;
				GCC_WARN_UNUSED_FUNCTION = YES;
				GCC_WARN_UNUSED_VARIABLE = YES;
				MACOSX_DEPLOYMENT_TARGET = 10.10;
				ONLY_ACTIVE_ARCH = YES;
				SDKROOT = macosx;
				STRIP_INSTALLED_PRODUCT = NO;
			};
			name = Debug;
		};
		3286139D197FED310010BB98 /* Release */ = {
			isa = XCBuildConfiguration;
			buildSettings = {
				ALWAYS_SEARCH_USER_PATHS = NO;
				CLANG_ANALYZER_LOCALIZABILITY_NONLOCALIZED = YES;
				CLANG_CXX_LANGUAGE_STANDARD = "gnu++0x";
				CLANG_CXX_LIBRARY = "libc++";
				CLANG_ENABLE_MODULES = YES;
				CLANG_ENABLE_OBJC_ARC = YES;
				CLANG_WARN_BLOCK_CAPTURE_AUTORELEASING = YES;
				CLANG_WARN_BOOL_CONVERSION = YES;
				CLANG_WARN_COMMA = YES;
				CLANG_WARN_CONSTANT_CONVERSION = YES;
				CLANG_WARN_DEPRECATED_OBJC_IMPLEMENTATIONS = YES;
				CLANG_WARN_DIRECT_OBJC_ISA_USAGE = YES_ERROR;
				CLANG_WARN_EMPTY_BODY = YES;
				CLANG_WARN_ENUM_CONVERSION = YES;
				CLANG_WARN_INFINITE_RECURSION = YES;
				CLANG_WARN_INT_CONVERSION = YES;
				CLANG_WARN_NON_LITERAL_NULL_CONVERSION = YES;
				CLANG_WARN_OBJC_IMPLICIT_RETAIN_SELF = YES;
				CLANG_WARN_OBJC_LITERAL_CONVERSION = YES;
				CLANG_WARN_OBJC_ROOT_CLASS = YES_ERROR;
				CLANG_WARN_RANGE_LOOP_ANALYSIS = YES;
				CLANG_WARN_STRICT_PROTOTYPES = YES;
				CLANG_WARN_SUSPICIOUS_MOVE = YES;
				CLANG_WARN_UNREACHABLE_CODE = YES;
				CLANG_WARN__DUPLICATE_METHOD_MATCH = YES;
				COPY_PHASE_STRIP = NO;
				DEBUG_INFORMATION_FORMAT = "dwarf-with-dsym";
				DEFINES_MODULE = NO;
				ENABLE_NS_ASSERTIONS = NO;
				ENABLE_STRICT_OBJC_MSGSEND = YES;
				GCC_C_LANGUAGE_STANDARD = gnu99;
				GCC_ENABLE_OBJC_EXCEPTIONS = YES;
				GCC_NO_COMMON_BLOCKS = YES;
				GCC_OPTIMIZATION_LEVEL = 0;
				GCC_WARN_64_TO_32_BIT_CONVERSION = YES;
				GCC_WARN_ABOUT_RETURN_TYPE = YES_ERROR;
				GCC_WARN_UNDECLARED_SELECTOR = YES;
				GCC_WARN_UNINITIALIZED_AUTOS = YES_AGGRESSIVE;
				GCC_WARN_UNUSED_FUNCTION = YES;
				GCC_WARN_UNUSED_VARIABLE = YES;
				MACOSX_DEPLOYMENT_TARGET = 10.10;
				SDKROOT = macosx;
				STRIP_INSTALLED_PRODUCT = NO;
				SWIFT_COMPILATION_MODE = wholemodule;
				SWIFT_OPTIMIZATION_LEVEL = "-O";
			};
			name = Release;
		};
		3286139F197FED310010BB98 /* Debug */ = {
			isa = XCBuildConfiguration;
			buildSettings = {
				CLANG_ENABLE_MODULES = YES;
				CODE_SIGN_IDENTITY = "Apple Development";
				CODE_SIGN_STYLE = Automatic;
				CURRENT_PROJECT_VERSION = 0.0.0;
				DEFINES_MODULE = YES;
				DEVELOPMENT_TEAM = "";
				GCC_PRECOMPILE_PREFIX_HEADER = NO;
				INFOPLIST_FILE = "$(SRCROOT)/macosvpn/Info.plist";
				LD_RUNPATH_SEARCH_PATHS = (
					"$(inherited)",
					"@executable_path/../Frameworks",
					"@loader_path/../Frameworks",
				);
				MACOSX_DEPLOYMENT_TARGET = 10.10;
				ONLY_ACTIVE_ARCH = YES;
				OTHER_LDFLAGS = (
					"-sectcreate",
					__TEXT,
					__info_plist,
					macosvpn/Info.plist,
				);
				PRODUCT_BUNDLE_IDENTIFIER = io.github.halo.macosvpn;
				PRODUCT_NAME = macosvpn;
				PROVISIONING_PROFILE_SPECIFIER = "";
				SWIFT_OPTIMIZATION_LEVEL = "-Onone";
				SWIFT_VERSION = 5.0;
			};
			name = Debug;
		};
		328613A0197FED310010BB98 /* Release */ = {
			isa = XCBuildConfiguration;
			buildSettings = {
				CLANG_ENABLE_MODULES = YES;
				CODE_SIGN_IDENTITY = "Apple Development";
				CODE_SIGN_STYLE = Automatic;
				CURRENT_PROJECT_VERSION = 0.0.0;
				DEFINES_MODULE = YES;
				DEVELOPMENT_TEAM = "";
				GCC_PRECOMPILE_PREFIX_HEADER = NO;
				INFOPLIST_FILE = "$(SRCROOT)/macosvpn/Info.plist";
				LD_RUNPATH_SEARCH_PATHS = (
					"$(inherited)",
					"@executable_path/../Frameworks",
					"@loader_path/../Frameworks",
				);
				MACOSX_DEPLOYMENT_TARGET = 10.10;
				ONLY_ACTIVE_ARCH = NO;
				OTHER_LDFLAGS = (
					"-sectcreate",
					__TEXT,
					__info_plist,
					macosvpn/Info.plist,
				);
				PRODUCT_BUNDLE_IDENTIFIER = io.github.halo.macosvpn;
				PRODUCT_NAME = macosvpn;
				PROVISIONING_PROFILE_SPECIFIER = "";
				SWIFT_VERSION = 5.0;
			};
			name = Release;
		};
		C269D1F6236B1F65003D6BE9 /* Debug */ = {
			isa = XCBuildConfiguration;
			buildSettings = {
				CLANG_ANALYZER_NONNULL = YES;
				CLANG_ANALYZER_NUMBER_OBJECT_CONVERSION = YES_AGGRESSIVE;
				CLANG_CXX_LANGUAGE_STANDARD = "gnu++14";
				CLANG_ENABLE_MODULES = NO;
				CLANG_ENABLE_OBJC_WEAK = YES;
				CLANG_WARN_DOCUMENTATION_COMMENTS = YES;
				CLANG_WARN_UNGUARDED_AVAILABILITY = YES_AGGRESSIVE;
				CODE_SIGN_STYLE = Automatic;
				COMBINE_HIDPI_IMAGES = YES;
				DEBUG_INFORMATION_FORMAT = dwarf;
				DEVELOPMENT_TEAM = B9J4QR64LK;
				GCC_C_LANGUAGE_STANDARD = gnu11;
				INFOPLIST_FILE = macosvpnTests/Info.plist;
				LD_RUNPATH_SEARCH_PATHS = (
					"$(inherited)",
					"@executable_path/../Frameworks",
					"@loader_path/../Frameworks",
				);
				MACOSX_DEPLOYMENT_TARGET = 10.10;
				MTL_ENABLE_DEBUG_INFO = INCLUDE_SOURCE;
				MTL_FAST_MATH = YES;
				PRODUCT_BUNDLE_IDENTIFIER = io.github.halo.macosvpnTests;
				PRODUCT_NAME = "$(TARGET_NAME)";
				SWIFT_ACTIVE_COMPILATION_CONDITIONS = DEBUG;
				SWIFT_OPTIMIZATION_LEVEL = "-Onone";
				SWIFT_VERSION = 5.0;
			};
			name = Debug;
		};
		C269D1F7236B1F65003D6BE9 /* Release */ = {
			isa = XCBuildConfiguration;
			buildSettings = {
				CLANG_ANALYZER_NONNULL = YES;
				CLANG_ANALYZER_NUMBER_OBJECT_CONVERSION = YES_AGGRESSIVE;
				CLANG_CXX_LANGUAGE_STANDARD = "gnu++14";
				CLANG_ENABLE_MODULES = NO;
				CLANG_ENABLE_OBJC_WEAK = YES;
				CLANG_WARN_DOCUMENTATION_COMMENTS = YES;
				CLANG_WARN_UNGUARDED_AVAILABILITY = YES_AGGRESSIVE;
				CODE_SIGN_STYLE = Automatic;
				COMBINE_HIDPI_IMAGES = YES;
				DEVELOPMENT_TEAM = B9J4QR64LK;
				GCC_C_LANGUAGE_STANDARD = gnu11;
				INFOPLIST_FILE = macosvpnTests/Info.plist;
				LD_RUNPATH_SEARCH_PATHS = (
					"$(inherited)",
					"@executable_path/../Frameworks",
					"@loader_path/../Frameworks",
				);
				MACOSX_DEPLOYMENT_TARGET = 10.10;
				MTL_ENABLE_DEBUG_INFO = NO;
				MTL_FAST_MATH = YES;
				PRODUCT_BUNDLE_IDENTIFIER = io.github.halo.macosvpnTests;
				PRODUCT_NAME = "$(TARGET_NAME)";
				SWIFT_VERSION = 5.0;
			};
			name = Release;
		};
/* End XCBuildConfiguration section */

/* Begin XCConfigurationList section */
		3286138B197FED310010BB98 /* Build configuration list for PBXProject "macosvpn" */ = {
			isa = XCConfigurationList;
			buildConfigurations = (
				3286139C197FED310010BB98 /* Debug */,
				3286139D197FED310010BB98 /* Release */,
			);
			defaultConfigurationIsVisible = 0;
			defaultConfigurationName = Release;
		};
		3286139E197FED310010BB98 /* Build configuration list for PBXNativeTarget "macosvpn" */ = {
			isa = XCConfigurationList;
			buildConfigurations = (
				3286139F197FED310010BB98 /* Debug */,
				328613A0197FED310010BB98 /* Release */,
			);
			defaultConfigurationIsVisible = 0;
			defaultConfigurationName = Release;
		};
		C269D1F5236B1F65003D6BE9 /* Build configuration list for PBXNativeTarget "macosvpnTests" */ = {
			isa = XCConfigurationList;
			buildConfigurations = (
				C269D1F6236B1F65003D6BE9 /* Debug */,
				C269D1F7236B1F65003D6BE9 /* Release */,
			);
			defaultConfigurationIsVisible = 0;
			defaultConfigurationName = Release;
		};
/* End XCConfigurationList section */

/* Begin XCRemoteSwiftPackageReference section */
		C20E6A66236DC8DB00671953 /* XCRemoteSwiftPackageReference "Moderator" */ = {
			isa = XCRemoteSwiftPackageReference;
			repositoryURL = "https://github.com/kareman/Moderator.git";
			requirement = {
				kind = upToNextMajorVersion;
				minimumVersion = 0.5.1;
			};
		};
		C24BE70C236AE90F00FFC671 /* XCRemoteSwiftPackageReference "PrettyColors" */ = {
			isa = XCRemoteSwiftPackageReference;
			repositoryURL = "https://github.com/jdhealy/PrettyColors.git";
			requirement = {
				kind = upToNextMajorVersion;
				minimumVersion = 5.0.2;
			};
		};
/* End XCRemoteSwiftPackageReference section */

/* Begin XCSwiftPackageProductDependency section */
		C20E6A67236DC8DB00671953 /* Moderator */ = {
			isa = XCSwiftPackageProductDependency;
			package = C20E6A66236DC8DB00671953 /* XCRemoteSwiftPackageReference "Moderator" */;
			productName = Moderator;
		};
		C20E6A72236DD28700671953 /* Moderator */ = {
			isa = XCSwiftPackageProductDependency;
			package = C20E6A66236DC8DB00671953 /* XCRemoteSwiftPackageReference "Moderator" */;
			productName = Moderator;
		};
		C24BE70D236AE90F00FFC671 /* PrettyColors */ = {
			isa = XCSwiftPackageProductDependency;
			package = C24BE70C236AE90F00FFC671 /* XCRemoteSwiftPackageReference "PrettyColors" */;
			productName = PrettyColors;
		};
/* End XCSwiftPackageProductDependency section */
	};
	rootObject = 32861388197FED310010BB98 /* Project object */;
}
