{
  "object": {
    "pins": [
      {
        "package": "Moderator",
        "repositoryURL": "https://github.com/kareman/Moderator.git",
        "state": {
          "branch": null,
          "revision": "a4b8f05bcff3c283dd32e4ec6bb3da3b16a29045",
          "version": "0.5.1"
        }
      },
      {
        "package": "PrettyColors",
        "repositoryURL": "https://github.com/jdhealy/PrettyColors.git",
        "state": {
          "branch": null,
          "revision": "afd4553a4db6f656521cfe9b1f70bece2748c7d8",
          "version": "5.0.2"
        }
      }
    ]
  },
  "version": 1
}
